# Production install (backend/requirements.txt), hash-locked.
# GENERATED by .github/ci/lock-backend-deps.py — do not edit by hand.
# Every version is production's pin from .github/ci/constraints-prod.txt;
# install with: pip install --require-hashes --no-deps --only-binary=:all: -r <this file>
# Target: CPython 3.11, Linux x86_64 (wheels only).
# python: 3.11.17
# constraints-sha256: bb0803c914f59a2ad0e15dc6c2c86b96ead40d284c081ba0e66f71eba6ae79de
# requirements-sha256: 018c8684a618183baf4ad3172a91a11a8886aa261f03541ffdc1405e37036a68
# requirements-dev-sha256: 10a1d07659e40ea42eb141ca6f07e1fc97788fb19fdf5daa3bf74e8de36f7911
aiohappyeyeballs==2.7.1 \
    --hash=sha256:9243213661e29250eb41368e5daa826fc017156c3b8a11440826b2e3ed376472
aiohttp==3.14.3 \
    --hash=sha256:53e7b4ce82b54a8bcc71b3b67a5cbd177ca1d7f592cbc92cd38b7349f73482db
aiosignal==1.4.0 \
    --hash=sha256:053243f8b92b990551949e63930a839ff0cf0b0ebbe0597b0f3fb19e1a0fe82e
annotated-doc==0.0.5 \
    --hash=sha256:117bac03a25ede5df5440e855b32d556049ca169ead221505badf432fed4b101
annotated-types==0.8.0 \
    --hash=sha256:f072f4d804ea359e4eaf198b1af7a8b0943881a87f31bb764f8bf219bb9419e0
anyio==4.15.1 \
    --hash=sha256:6152fdbbf9a77fdec97731721bebf7c4c44f7c29b424b0065826173efc7ed101
asgiref==3.12.1 \
    --hash=sha256:fe386d1c2bff7259ea95929266d12a8cf9a8b5a1c2598402967d8792e7a7c094
attrs==26.1.0 \
    --hash=sha256:c647aa4a12dfbad9333ca4e71fe62ddc36f4e63b2d260a37a8b83d2f043ac309
backoff==2.2.1 \
    --hash=sha256:63579f9a0628e06278f7e47b7d7d5b6ce20dc65c5e96a6f3ca99a6adca0396e8
bcrypt==5.0.0 \
    --hash=sha256:0c8e093ea2532601a6f686edbc2c6b2ec24131ff5c52f7610dd64fa4553b5464 \
    --hash=sha256:560ddb6ec730386e7b3b26b8b4c88197aaed924430e7b74666a586ac997249ef \
    --hash=sha256:611f0a17aa4a25a69362dcc299fda5c8a3d4f160e2abb3831041feb77393a14a \
    --hash=sha256:7aeef54b60ceddb6f30ee3db090351ecf0d40ec6e2abf41430997407a46d2254 \
    --hash=sha256:89042e61b5e808b67daf24a434d89bab164d4de1746b37a8d173b6b14f3db9ff \
    --hash=sha256:f8429e1c410b4073944f03bd778a9e066e7fad723564a52ff91841d278dfc822
build==1.6.1 \
    --hash=sha256:ecd351a4be9d35a9eaaba244a7687143c9c7d4aea6ac964e7e7ddab20cbcf4e7
CacheControl==0.14.4 \
    --hash=sha256:b7ac014ff72ee199b5f8af1de29d60239954f223e948196fa3d84adaffc71d2b
certifi==2026.7.22 \
    --hash=sha256:62f22742b58a1a33014a2b6b706588a8d7e2a88ae7bd1a6ebe8c992928483775
cffi==2.1.1 \
    --hash=sha256:34e261f78cb6ceaaa36f42f2613f4380d94d9c759a9c73c769ee6e0247364632
charset-normalizer==3.5.2 \
    --hash=sha256:1c50fe28bbc2ced33386f298650d91218076c05420e6cbd790b913adc41659e7 \
    --hash=sha256:211d5a3eb6af8f513b8d4ca19a8c1b7accab1b5f0d3175f9826b03c1a920dc1f \
    --hash=sha256:b6b751274acb69d77b3323d6b7dbaa3c7fdfc1eb829b7eb61d262f32e1af9685
chroma-hnswlib==0.7.6 \
    --hash=sha256:5c093f07a010b499c00a15bc9376036ee4800d335360570b14f7fe92badcdcf9
chromadb==0.6.3 \
    --hash=sha256:4851258489a3612b558488d98d09ae0fe0a28d5cad6bd1ba64b96fdc419dc0e5
click==8.5.0 \
    --hash=sha256:255bc9599cf7748b4b1a446ccc735421bd08a2ae529a8b88597d3de5664ee360
cloudpickle==3.1.2 \
    --hash=sha256:9acb47f6afd73f60dc1df93bb801b472f05ff42fa6c84167d25cb206be1fbf4a
cryptography==50.0.2 \
    --hash=sha256:1981f1db4630889b9ef7803fadef12b056f428cb6b85c27ba57b774793b6093c \
    --hash=sha256:4061c0079120205fb760c58acab6443e217307dcf05e3702cf970e0689972856 \
    --hash=sha256:630ebfea3bf689d075f82316324ff7433dc447fe6bc1bfc76524b74b4a9567d2 \
    --hash=sha256:9dab55f57c74c3cad24c323bacbbd04be4705ba6eb0d92e920b1fc4837ed5079 \
    --hash=sha256:ee247f5c245c9a2fe7c8e2214e295918838e44e00a45a6718451e4004219e767 \
    --hash=sha256:f21e8a22c8605750c7af886bab299a363721264061b4ac0a30efb73cfd58efc5
distro==1.9.0 \
    --hash=sha256:7bffd925d65168f85027d8da9af6bddab658135b840670a223589bc0c8ef02b2
durationpy==0.11 \
    --hash=sha256:a739fe2b8972c250ff72f8e2c488d18cf25f7b852f49ee76048775d5171df30c
fastapi==0.142.2 \
    --hash=sha256:bd5f4d81f1e93a88bcd77caf4dfe3c2dbffc3805407a0007e9a114c18b3a670b
filelock==3.32.3 \
    --hash=sha256:7f0ca4bcc0e181c60dbbd8aa9ab5b120ebb99e4e064e83636340056f833a1f09
firebase_admin==7.7.0 \
    --hash=sha256:0a341ebbd1f80301fa11034f5e86ab0d0f00dde19253d2ee50cf98be2a7a2f33
flatbuffers==25.12.19 \
    --hash=sha256:7634f50c427838bb021c2d66a3d1168e9d199b0607e6329399f04846d42e20b4
frozenlist==1.8.0 \
    --hash=sha256:0c18a16eab41e82c295618a77502e17b195883241c563b00f0aa5106fc4eaa0d \
    --hash=sha256:2552f44204b744fba866e573be4c1f9048d6a324dfe14475103fd51613eb1d1f
fsspec==2026.7.0 \
    --hash=sha256:b57ddbafedfaef7018c1ecab32aa200a9d7ca26b77965f64e48b70061249d279
google-api-core==2.40.0 \
    --hash=sha256:4b9e0a80024c269ae173136d5439f4ed284651d6e5e2773ba5c694f481f9c0f4
google-auth==2.59.1 \
    --hash=sha256:89c3f931683a482ac97e61df7eb9da5e08a91703f3c752b2377d72cfb7d69e6a
google-cloud-core==2.8.0 \
    --hash=sha256:e235b0952f7ffe7b9c71a4cf96b506d9cfb557e22557c412f0df9b7068b5d007
google-cloud-firestore==2.34.0 \
    --hash=sha256:a75ae79cb2567daae417538dfbfe5d56404754f51483083e43d995b25947d5eb
google-cloud-storage==3.16.0 \
    --hash=sha256:59e54ff1f7f8a7253c01f593f79d253728c122a8901b83f68fe7464a4131539f
google-crc32c==1.9.0 \
    --hash=sha256:86764b99e7a607830d93cb5b75e0ec3ff6cb06d3c274624418473cee701900d4
google-resumable-media==2.11.0 \
    --hash=sha256:f43d15e6a7f818f762eaead0f369c551f8275a4179c9d6225d0d259f49b87b5d
googleapis-common-protos==1.75.5 \
    --hash=sha256:d7285525c23039db98f2463e6d5a4f9b958b94d497f03a844ece3259c4e72d5d
grpcio==1.84.0 \
    --hash=sha256:bd8ea8eb3817b226057cc1c0e7ec4b378dcda52043b972b6ff12b1152178967d
grpcio-status==1.84.0 \
    --hash=sha256:0c182ca0d6e60acbfd0e14499cf39a155e4827a1c3fd9f7638e49af15a74c30a
h11==0.16.0 \
    --hash=sha256:63cf8bbe7522de3bf65932fda1d9c2772064ffb3dae62d55932da54b31cb6c86
h2==4.4.1 \
    --hash=sha256:0e25f1462b23c9cb82d9eb02e28bc706dac2a68cb457c6a0d74d63c8a2a5d0e6
hf-xet==1.6.0 \
    --hash=sha256:d62671bb130879cef0ee4c9ebe47a14af6c66ec53e6d84dc15936e5ffdfac82f
hpack==4.2.0 \
    --hash=sha256:858ac0b02280fa582b5080d68db0899c62a80375e0e5413a74970c5e518b6986
httpcore==1.0.9 \
    --hash=sha256:2d400746a40668fc9dec9810239072b40b4484b640a8c38fd654a024c7a1bf55
httpcore2==2.13.1 \
    --hash=sha256:e1e05d4f25f7d7d496bfb96748f6f4b67657b03da069b3a68c36069f3db73d0a
httptools==0.8.0 \
    --hash=sha256:57278e6fa0424c42a8a3e454828ab4f0aff27b40cddf9679579b98c6dce6a376
httpx==0.28.1 \
    --hash=sha256:d909fcccc110f8c7faf814ca82a9a4d816bc5a6dbfea25d6591d6985b8ba59ad
httpx2==2.13.1 \
    --hash=sha256:6dff50fabc270ee5fd25d845d0b078ed20564579744d6d962850975996d2f9a4
huggingface_hub==1.29.0 \
    --hash=sha256:b00f7782afc14db4bc6572763810a635bdfbab8623d957bfb553bd18e03852cd
hyperframe==6.1.0 \
    --hash=sha256:b03380493a519fce58ea5af42e4a42317bf9bd425596f7a0835ffce80f1a42e5
idna==3.20 \
    --hash=sha256:ab7ae7122974553370f0bdb919e1a960b2cd1bc1ef0276416d896db81c14582c
importlib_resources==7.1.0 \
    --hash=sha256:1bd7b48b4088eddb2cd16382150bb515af0bd2c70128194392725f82ad2c96a1
Jinja2==3.1.6 \
    --hash=sha256:85ece4451f492d0c13c5dd7c13a64681a86afae63a5f347908daf103ce6d2f67
jiter==0.17.0 \
    --hash=sha256:5888fe5abc1ca2fa834a3e1b4c7ef0dcece286a7d7e95a609ef0934b777b9fc9
joblib==1.6.0 \
    --hash=sha256:3dbbf9f6e4b592a2357b854608e980fe6390d131d7a82f011a377ef2ebef7aba
jsonschema==4.26.0 \
    --hash=sha256:d489f15263b8d200f8387e64b4c3a75f06629559fb73deb8fdfb525f2dab50ce
jsonschema-specifications==2025.9.1 \
    --hash=sha256:98802fee3a11ee76ecaca44429fda8a41bff98b00a0f2838151b113f210cc6fe
kubernetes==36.0.3 \
    --hash=sha256:8fde9241c4b298e6374a069dcf728359b4e72c2fb29489a975ba4e1c047cf10f
markdown-it-py==4.2.0 \
    --hash=sha256:9f7ebbcd14fe59494226453aed97c1070d83f8d24b6fc3a3bcf9a38092641c4a
MarkupSafe==3.0.3 \
    --hash=sha256:0bf2a864d67e76e5c9a34dc26ec616a66b9888e25e7b9460e1c76d3293bd9dbf
mdurl==0.1.2 \
    --hash=sha256:84008a41e51615a49fc9966191ff91509e3c40b939176e643fd50a5c2196b8f8
mmh3==5.3.1 \
    --hash=sha256:cee9fc91b4e9a8991fc1c7a67324a15a51b861f483d41a1d4eb58146b78ad53a
mpmath==1.3.0 \
    --hash=sha256:a0b2b9fe80bbcd81a6647ff13108738cfb482d481d826cc0e02f5b35e5c88d2c
msgpack==1.2.3 \
    --hash=sha256:382b219de3d436de3baba0f4b0c6d4336e8f5858d0eb047918b13b69a71c6c55
multidict==6.9.1 \
    --hash=sha256:7bf6478188f4e47bf5686e8a33da4ae28bf43b1b2528d9ee144d28492bfac60b \
    --hash=sha256:e8f1e362c9352b50ed120f001046fdbb80810c9d56580f4c3fc13bbe30823387
narwhals==2.26.0 \
    --hash=sha256:29326d74f107c347fd1009bd58e38d9f7c7c5b51e6de97bc93dbc325d9038b54
networkx==3.6.1 \
    --hash=sha256:d47fbf302e7d9cbbb9e2555a0d267983d2aa476bac30e90dfbe5669bd57f3762
numpy==2.4.6 \
    --hash=sha256:89cd468399cfd2504718f0ba50e410dca55a170b61a02ad92bb18c8a65186e93
oauthlib==4.0.0 \
    --hash=sha256:624c28c13a0a59cabf9747dfa52af63be3e512a7f2714df16e91b5b3a145e6cd
onnxruntime==1.30.0 \
    --hash=sha256:fd54b314ea385bcecac69ab431f020ba503e3878dad4ebb645fec5a24b041242
openai==3.24.0 \
    --hash=sha256:b59703a3e3b5df78b269e90049d383a1dda58c90104cc4be59db21078db4b7a4
opentelemetry-api==1.45.0 \
    --hash=sha256:80e068aba7cd56c8b58512d6a36f8d25cb1dfaa0c0a4cc1c938ccf9f362d9cb3
opentelemetry-exporter-otlp-common==0.66b0 \
    --hash=sha256:35d24c867310f4713a9738b0202b6bade77955418fccb9e2f7eea01b76263916
opentelemetry-exporter-otlp-proto-common==1.45.0 \
    --hash=sha256:7e1410ae6d3ed301f7a74bec96467d519d3f37e52f9d95b309ae125e5a1af863
opentelemetry-exporter-otlp-proto-grpc==1.45.0 \
    --hash=sha256:5a8460464a421fde245be0eb1cad6c6059a07845d1896afb74c963f847179070
opentelemetry-instrumentation==0.66b0 \
    --hash=sha256:0b32e2fcfec1e4bd48511a3b77ce32bfb1c16dcd5479396b21f9086a4b06c0c9
opentelemetry-instrumentation-asgi==0.66b0 \
    --hash=sha256:8c31fe67b2aef6f7dc3df9c0434ebd0cacd6d8545da703a55a6f160f9bc06fc5
opentelemetry-instrumentation-fastapi==0.66b0 \
    --hash=sha256:ad9543fc5a87b511d487aa94625a97299ccd818611cb0c979b46985ba782f1cc
opentelemetry-proto==1.45.0 \
    --hash=sha256:9731566359d7b8e1ee1e149d8e4ad6865bab965e657ad3387ec2784d16927666
opentelemetry-sdk==1.45.0 \
    --hash=sha256:5dc634c946546f61b757c5b1781f9fd1a10e96ffaf7357c797e508fe9c57e75e
opentelemetry-semantic-conventions==0.66b0 \
    --hash=sha256:175b19dd98c4473f4f43a2b1df59186fd7b4a48cd3f77cbe03438b6d6fda230a
opentelemetry-util-http==0.66b0 \
    --hash=sha256:7f5e581e94f023b30995f700e41ce319cec82bd542ff1c1c7c9b56d6b10bb687
orjson==3.12.0 \
    --hash=sha256:9caf3d09f47c3c70c4451ada20ef9bc4a4cdffa26f49862cf0a253b329aae2d5
overrides==7.7.0 \
    --hash=sha256:c7ed9d062f78b8e4c1a7b70bd8796b35ead4d9f510227ef9c5dc7626c60d7e49
packaging==26.3 \
    --hash=sha256:d7193f7c8e4e93f444fde0262bf90af30e16fa0ad0ad44cb553c87339b23cd1c
pdfminer.six==20260107 \
    --hash=sha256:366585ba97e80dffa8f00cebe303d2f381884d8637af4ce422f1df3ef38111a9
pdfplumber==0.11.10 \
    --hash=sha256:7741ea81bf165b474b153e6789d10d18e06b6ddcf3ec84289c3ef2fed6802580
pillow==12.3.0 \
    --hash=sha256:23d27a3e0307ec2244cc51e7287b919aa68d097504ebe19df4e76a98a3eea5bd
posthog==7.62.1 \
    --hash=sha256:f56519fcda855954d6db83a29ed403005907809507e0d2238b6b33325e24a8f9
propcache==0.5.4 \
    --hash=sha256:62c60aec739ed00124573cce1178138fd690c7676352d67a37328c1cf51d7468 \
    --hash=sha256:6e9368e87a3efc285e559131092c5db643eb8e56de4ee42064d5baec22ef2bb5
proto-plus==1.29.0 \
    --hash=sha256:8acd070469a7aaf43f440b022ef9757c8cac1a9f866e933f59ae98669ddc6c8b
protobuf==7.36.2 \
    --hash=sha256:89f23aa53c24553a2416fd4fd1ec06f74fa42b14b546d8883128813f775bbfd2 \
    --hash=sha256:bdb3a345d48db958e6ce1f18e508beb0cc981d64f24088427549c866cd039f1e
pyasn1==0.6.4 \
    --hash=sha256:deda9277cfd454080ec40b207fb6df82206a3a2688735233cdcd8d3d565f088b
pyasn1_modules==0.4.2 \
    --hash=sha256:29253a9207ce32b64c3ac6600edc75368f98473906e8fd1043bd6b5b1de2c14a
pycparser==3.0 \
    --hash=sha256:b727414169a36b7d524c1c3e31839a521725078d7b2ff038656844266160a992
pydantic==2.13.5 \
    --hash=sha256:346a034f080da3755d8e9cb5e00e8b07de1d39e4f6e2c87d8ab7cafa0b269a73
pydantic_core==2.46.5 \
    --hash=sha256:49776eab08766a08dfff7012f8b422dcd7e25e43b316eedf0477c24fcfa84b7c
Pygments==2.21.0 \
    --hash=sha256:2363c69b61c4a97c838da3b130dcd6468f4848992b21a82f2a63ec34377137d9
PyJWT==2.15.1 \
    --hash=sha256:42d59d631f7768a1028a64c7ff581a9bf7519804daf91fc5b6c56e30eec5e193
pypdfium2==5.13.0 \
    --hash=sha256:81df25c1ab4c13ff773102d3cbea1967511d079123b067fc077bd0c4d57d91d8
PyPika==0.51.1 \
    --hash=sha256:77985b4d7ce71b9905255bf12468cf598349e98837c037541cfc240e528aec46
pyproject_hooks==1.3.3 \
    --hash=sha256:5fc53fdac9f7bd63fbcdc868fb5f90b4784d78a53a3d3388cd738b807441a20b
python-dateutil==2.9.0.post0 \
    --hash=sha256:a8b2bc7bffae282281c8140a97d3aa9c14da0b136dfe83f850eea9a5f7470427
python-dotenv==1.2.4 \
    --hash=sha256:42269a8a5b3fd54ffa6f3d84b18abed50064717576b4ecf03dc4a55d8aa04fdc
PyYAML==6.0.3 \
    --hash=sha256:b8bb0864c5a28024fac8a632c443c87c5aa6f215c0b126c449ae1a150412f31d
rank-bm25==0.2.2 \
    --hash=sha256:7bd4a95571adadfc271746fa146a4bcfd89c0cf731e49c3d1ad863290adbe8ae
redis==8.1.0 \
    --hash=sha256:a4fe1aac3d3b3cc791d4b3d5931c5a956045dc951ee74d1c913ee3ac4d2ee9fb
referencing==0.37.0 \
    --hash=sha256:381329a9f99628c9069361716891d34ad94af76e461dcb0335825aecc7692231
regex==2026.9.29 \
    --hash=sha256:612b709381c0355b70d89cdb51b7f670591ed5cbbc0e3b5337488019dc667b65
requests==2.34.2 \
    --hash=sha256:2a0d60c172f83ac6ab31e4554906c0f3b3588d37b5cb939b1c061f4907e278e0
requests-oauthlib==2.0.0 \
    --hash=sha256:7dd8a5c40426b779b0868c404bdef9768deccf22749cde15852df527e6269b36
rich==15.0.0 \
    --hash=sha256:33bd4ef74232fb73fe9279a257718407f169c09b78a87ad3d296f548e27de0bb
rpds-py==2026.6.3 \
    --hash=sha256:9c1255b302953c86a486b81d330d5ee1d5bd937691ce271b6be0ef0e299eaab7
safetensors==0.8.0 \
    --hash=sha256:fd6f3f93c9a0a7cc2788ee63fb763353d4bd2e89b0751bc78fcf7dda00bea774
scikit-learn==1.9.1 \
    --hash=sha256:52a0703bbc07ad27f560fa63fa68e4c54dd735bfbbf65b4dd3c225dc7547b6df
scipy==1.17.1 \
    --hash=sha256:43af8d1f3bea642559019edfe64e9b11192a8978efbd1539d7bc2aaa23d92de4
sentence-transformers==6.0.0 \
    --hash=sha256:b974ac67523ea2a955afa87b1024129305472bd884367dcc969261cb086790e9
setuptools==84.0.0 \
    --hash=sha256:51a52592b3b99e102b609654876bd65f19f999935166d1352678931132b0c670
shellingham==1.5.4 \
    --hash=sha256:7ecfff8f2fd72616f7481040475a65b2bf8af90a56c89140852d1120324e8686
six==1.17.0 \
    --hash=sha256:4721f391ed90541fddacab5acf947aa0d3dc7d27b2e1e8eda2be8970586c3274
sniffio==1.3.1 \
    --hash=sha256:2f6da418d1f1e0fddd844478f41680e794e6051915791a034ff65e5f100525a2
starlette==1.7.0 \
    --hash=sha256:67f8e99895493dd2911a03f11314af6ceebeae4e704bb9f43dfc6a9db151c93e
sympy==1.14.0 \
    --hash=sha256:e091cc3e99d2141a0ba2847328f5479b05d94a6635cb96148ccb3f34671bd8f5
tenacity==9.1.4 \
    --hash=sha256:6095a360c919085f28c6527de529e76a06ad89b23659fa881ae0649b867a9d55
threadpoolctl==3.7.0 \
    --hash=sha256:cd8b60b5641b45c67bbf73c64c843235fc2d8a480c87389f52f5dbee893b86be
tokenizers==0.23.2 \
    --hash=sha256:41c2f84d172449b4dadb9cdc508e3e364076613c35b16e76ecfe47a60d1e3305
torch @ https://download.pytorch.org/whl/cpu/torch-2.13.0%2Bcpu-cp311-cp311-manylinux_2_28_x86_64.whl \
    --hash=sha256:6746dbcbeb526eb61330b76b41ff1b4eb848951103a892eeb080dfa2b264667b
tqdm==4.70.1 \
    --hash=sha256:c293e525e6fef9c20e8728fd4612df02a0aa31bb5fe91ecd93e123b1b7bffa73
transformers==5.16.1 \
    --hash=sha256:2f2d5b98a5ad3718713653734298fa620754ed683702a635ebb587df3ed29c7e
truststore==0.10.4 \
    --hash=sha256:adaeaecf1cbb5f4de3b1959b42d41f6fab57b2b1666adb59e89cb0b53361d981
typer==0.27.2 \
    --hash=sha256:b3a5fc4342d5fc8fda8fc3010b1cf117e9249aab7fae800c2eff62fd3842d97d
typing_extensions==4.16.0 \
    --hash=sha256:481caa481374e813c1b176ada14e97f1f67a4539ce9cfeb3f350d78d6370c2e8
typing-inspection==0.4.4 \
    --hash=sha256:65b8397ba37ccbce054456aaccddfc91e6e3083c92824df348d96ca832f3f147
urllib3==2.8.0 \
    --hash=sha256:0cf3cae568d36aa9576b28dfb35f11328f1cb974ca7647d9475ebb86c75ac6e3
uvicorn==0.54.0 \
    --hash=sha256:505bdb0f318731d45f1f712071fc781a8981f6847a31c902c9f5e652d4f67faf
uvloop==0.23.0 \
    --hash=sha256:ab17b3a8aa754be0de0e397f7b95f13b14e56f077a4c6ae295e3d4afd199b325
watchfiles==1.3.0 \
    --hash=sha256:b5768b49e426fd5b550b012c866db347cdf15c398ef98dc557b6e6b72fa74cd1
websocket-client==1.9.2 \
    --hash=sha256:e1a673830a9c7bfa47b1cd3d5e4178f4c9651d80a4eab02c9c23a1c3ec6250ce
websockets==17.2 \
    --hash=sha256:376a693697ddb695ea282ead76060f4847f90e564b12b4389f2c7589e6fadb9e \
    --hash=sha256:6aa59f0ef92e796b2db6f5f26550c4713c0e4036899fadf02f55e2ed4db0b7ae
wrapt==2.5.0 \
    --hash=sha256:107eea1a511e98a3a5033b0c2cb403fbb37f05dee6ac1fb85c0460d311ec278c \
    --hash=sha256:fd91203e156d610ecb28b9ccd7b764af7a7b38662d7c163090babab0d10def0c
yarl==1.25.1 \
    --hash=sha256:681c758b0490f9e96b78e5fa8e8dc6e648e9185bb6eaebe73183c33ea0c445f3 \
    --hash=sha256:d5add7b4ca7afeea91d52e4d4e4db3b1fe9885b71f07054560d8c4296b7441a2
