# Test tools (backend/requirements-dev.txt) on top of requirements-prod.lock, hash-locked.
# GENERATED by .github/ci/lock-backend-deps.py — do not edit by hand.
# Every version is production's pin from .github/ci/constraints-prod.txt;
# install with: pip install --require-hashes --no-deps --only-binary=:all: -r <this file>
# Target: CPython 3.11, Linux x86_64 (wheels only).
# python: 3.11.17
# constraints-sha256: bb0803c914f59a2ad0e15dc6c2c86b96ead40d284c081ba0e66f71eba6ae79de
# requirements-sha256: 018c8684a618183baf4ad3172a91a11a8886aa261f03541ffdc1405e37036a68
# requirements-dev-sha256: 10a1d07659e40ea42eb141ca6f07e1fc97788fb19fdf5daa3bf74e8de36f7911
iniconfig==2.3.0 \
    --hash=sha256:f631c04d2c48c52b84d0d0549c99ff3859c98df65b3101406327ecc7d53fbf12
pluggy==1.6.0 \
    --hash=sha256:e920276dd6813095e9377c0bc5566d94c932c33b27a3e3945d8389c374dd4746
pytest==9.1.1 \
    --hash=sha256:37a86b45efb9a47a61a36449063e8e18d0cab3161329fc099eb21783169c4f0c
pytest-anyio==0.0.0 \
    --hash=sha256:dc8b5c4741cb16ff90be37fddd585ca943ed12bbeb563de7ace6cd94441d8746
